
Microsoft Visual Studio Solution File, Format Version 12.00
# Visual Studio Version 16
VisualStudioVersion = 16.0.31424.327
MinimumVisualStudioVersion = 10.0.40219.1
Project("{2150E333-8FDC-42A3-9474-1A3956D46DE8}") = "Core", "Core", "{5CD6F3EA-E4A1-4F5F-A2D1-FAF0F033FFAA}"
EndProject
Project("{FAE04EC0-301F-11D3-BF4B-00C04F79EFBC}") = "Domain", "Domain\Domain.csproj", "{879F203D-E0F3-4D89-A4E6-42F71817495B}"
EndProject
Project("{FAE04EC0-301F-11D3-BF4B-00C04F79EFBC}") = "Application", "Application\Application.csproj", "{F07C9131-867E-4445-A8C9-3AFC4260E579}"
EndProject
Project("{2150E333-8FDC-42A3-9474-1A3956D46DE8}") = "src", "src", "{380E2C24-3C9D-488D-9FA7-0AADE6112317}"
EndProject
Project("{2150E333-8FDC-42A3-9474-1A3956D46DE8}") = "test", "test", "{A0DD601C-A78E-41E9-B2D6-62A5DE7354F6}"
EndProject
Project("{2150E333-8FDC-42A3-9474-1A3956D46DE8}") = "Infrastructure", "Infrastructure", "{E1A3FF18-4C12-49DC-BC89-4AEE86CAF922}"
EndProject
Project("{FAE04EC0-301F-11D3-BF4B-00C04F79EFBC}") = "Persistance", "Persistance\Persistance.csproj", "{D228E9AC-D0F0-4882-8912-B618A892C7E4}"
EndProject
Global
	GlobalSection(SolutionConfigurationPlatforms) = preSolution
		Debug|Any CPU = Debug|Any CPU
		Release|Any CPU = Release|Any CPU
	EndGlobalSection
	GlobalSection(ProjectConfigurationPlatforms) = postSolution
		{879F203D-E0F3-4D89-A4E6-42F71817495B}.Debug|Any CPU.ActiveCfg = Debug|Any CPU
		{879F203D-E0F3-4D89-A4E6-42F71817495B}.Debug|Any CPU.Build.0 = Debug|Any CPU
		{879F203D-E0F3-4D89-A4E6-42F71817495B}.Release|Any CPU.ActiveCfg = Release|Any CPU
		{879F203D-E0F3-4D89-A4E6-42F71817495B}.Release|Any CPU.Build.0 = Release|Any CPU
		{F07C9131-867E-4445-A8C9-3AFC4260E579}.Debug|Any CPU.ActiveCfg = Debug|Any CPU
		{F07C9131-867E-4445-A8C9-3AFC4260E579}.Debug|Any CPU.Build.0 = Debug|Any CPU
		{F07C9131-867E-4445-A8C9-3AFC4260E579}.Release|Any CPU.ActiveCfg = Release|Any CPU
		{F07C9131-867E-4445-A8C9-3AFC4260E579}.Release|Any CPU.Build.0 = Release|Any CPU
		{D228E9AC-D0F0-4882-8912-B618A892C7E4}.Debug|Any CPU.ActiveCfg = Debug|Any CPU
		{D228E9AC-D0F0-4882-8912-B618A892C7E4}.Debug|Any CPU.Build.0 = Debug|Any CPU
		{D228E9AC-D0F0-4882-8912-B618A892C7E4}.Release|Any CPU.ActiveCfg = Release|Any CPU
		{D228E9AC-D0F0-4882-8912-B618A892C7E4}.Release|Any CPU.Build.0 = Release|Any CPU
	EndGlobalSection
	GlobalSection(SolutionProperties) = preSolution
		HideSolutionNode = FALSE
	EndGlobalSection
	GlobalSection(NestedProjects) = preSolution
		{5CD6F3EA-E4A1-4F5F-A2D1-FAF0F033FFAA} = {380E2C24-3C9D-488D-9FA7-0AADE6112317}
		{879F203D-E0F3-4D89-A4E6-42F71817495B} = {5CD6F3EA-E4A1-4F5F-A2D1-FAF0F033FFAA}
		{F07C9131-867E-4445-A8C9-3AFC4260E579} = {5CD6F3EA-E4A1-4F5F-A2D1-FAF0F033FFAA}
		{E1A3FF18-4C12-49DC-BC89-4AEE86CAF922} = {380E2C24-3C9D-488D-9FA7-0AADE6112317}
		{D228E9AC-D0F0-4882-8912-B618A892C7E4} = {E1A3FF18-4C12-49DC-BC89-4AEE86CAF922}
	EndGlobalSection
	GlobalSection(ExtensibilityGlobals) = postSolution
		SolutionGuid = {C301D084-4F48-4B82-A87C-0ED0A2C4A35F}
	EndGlobalSection
EndGlobal
